
Microsoft Visual Studio Solution File, Format Version 12.00
# Visual Studio Version 16
VisualStudioVersion = 16.0.32106.194
MinimumVisualStudioVersion = 10.0.40219.1
Project("{FAE04EC0-301F-11D3-BF4B-00C04F79EFBC}") = "Car_game", "Car_game\Car_game.csproj", "{F6FE6090-4DF9-4F73-B137-B7DF788427BD}"
EndProject
Global
	GlobalSection(SolutionConfigurationPlatforms) = preSolution
		Debug|Any CPU = Debug|Any CPU
		Release|Any CPU = Release|Any CPU
	EndGlobalSection
	GlobalSection(ProjectConfigurationPlatforms) = postSolution
		{F6FE6090-4DF9-4F73-B137-B7DF788427BD}.Debug|Any CPU.ActiveCfg = Debug|Any CPU
		{F6FE6090-4DF9-4F73-B137-B7DF788427BD}.Debug|Any CPU.Build.0 = Debug|Any CPU
		{F6FE6090-4DF9-4F73-B137-B7DF788427BD}.Release|Any CPU.ActiveCfg = Release|Any CPU
		{F6FE6090-4DF9-4F73-B137-B7DF788427BD}.Release|Any CPU.Build.0 = Release|Any CPU
	EndGlobalSection
	GlobalSection(SolutionProperties) = preSolution
		HideSolutionNode = FALSE
	EndGlobalSection
	GlobalSection(ExtensibilityGlobals) = postSolution
		SolutionGuid = {C542B510-05C3-4CB6-8159-856FBE60FFFB}
	EndGlobalSection
EndGlobal
